
Microsoft Visual Studio Solution File, Format Version 12.00
# Visual Studio Version 16
VisualStudioVersion = 25.0.1704.0
MinimumVisualStudioVersion = 10.0.40219.1
Project("{FAE04EC0-301F-11D3-BF4B-00C04F79EFBC}") = "API", "API\API.csproj", "{284A66EB-BA37-426E-BFC2-CFCC9DDD960B}"
EndProject
Global
	GlobalSection(SolutionConfigurationPlatforms) = preSolution
		Debug|Any CPU = Debug|Any CPU
		Release|Any CPU = Release|Any CPU
	EndGlobalSection
	GlobalSection(ProjectConfigurationPlatforms) = postSolution
		{284A66EB-BA37-426E-BFC2-CFCC9DDD960B}.Debug|Any CPU.ActiveCfg = Debug|Any CPU
		{284A66EB-BA37-426E-BFC2-CFCC9DDD960B}.Debug|Any CPU.Build.0 = Debug|Any CPU
		{284A66EB-BA37-426E-BFC2-CFCC9DDD960B}.Release|Any CPU.ActiveCfg = Release|Any CPU
		{284A66EB-BA37-426E-BFC2-CFCC9DDD960B}.Release|Any CPU.Build.0 = Release|Any CPU
	EndGlobalSection
	GlobalSection(SolutionProperties) = preSolution
		HideSolutionNode = FALSE
	EndGlobalSection
	GlobalSection(ExtensibilityGlobals) = postSolution
		SolutionGuid = {3B205147-3E0F-4C14-83A0-30E5BE5A936E}
	EndGlobalSection
EndGlobal
